# THIS IS AN AUTOGENERATED FILE. DO NOT EDIT THIS FILE DIRECTLY.
# yarn lockfile v1


react-native-dropdown-country-picker@^1.0.9:
  version "1.0.9"
  resolved "https://registry.yarnpkg.com/react-native-dropdown-country-picker/-/react-native-dropdown-country-picker-1.0.9.tgz#71031e6d66f2da909705893d68261435f5a1bc85"
  integrity sha512-YWYObGs5t4pm3T/ylQ0lfuTZ3juEJ19aLz/hlcG1llqgxUyI2bwZX20H5TlUFMC+tgop7ny9Kq8qhNXN7x8NXQ==
